
Microsoft Visual Studio Solution File, Format Version 12.00
# Visual Studio 15
Project("{FAE04EC0-301F-11D3-BF4B-00C04F79EFBC}") = "Unity.Timeline", "Unity.Timeline.csproj", "{6AA506A1-BB76-B30F-F823-8E6CAEF63741}"
EndProject
Project("{FAE04EC0-301F-11D3-BF4B-00C04F79EFBC}") = "Unity.InputSystem", "Unity.InputSystem.csproj", "{2DC6D84C-3C61-2141-7F1B-F49608350CCA}"
EndProject
Project("{FAE04EC0-301F-11D3-BF4B-00C04F79EFBC}") = "Unity.Purchasing", "Unity.Purchasing.csproj", "{E6F80CE1-8163-ADF9-99FC-D28843AA469A}"
EndProject
Project("{FAE04EC0-301F-11D3-BF4B-00C04F79EFBC}") = "Unity.Services.Core.Internal", "Unity.Services.Core.Internal.csproj", "{3F4169DF-23F5-D575-768E-231C14348C92}"
EndProject
Project("{FAE04EC0-301F-11D3-BF4B-00C04F79EFBC}") = "Unity.Mathematics", "Unity.Mathematics.csproj", "{28C7D3F3-A317-88B7-BB0B-FA8BAC5194CE}"
EndProject
Project("{FAE04EC0-301F-11D3-BF4B-00C04F79EFBC}") = "Unity.Timeline.Editor", "Unity.Timeline.Editor.csproj", "{DF23895D-4498-7018-68C4-DF1BFC359FED}"
EndProject
Project("{FAE04EC0-301F-11D3-BF4B-00C04F79EFBC}") = "Unity.Cinemachine.Editor", "Unity.Cinemachine.Editor.csproj", "{0185150B-0C91-5226-6F7F-9778862A07F1}"
EndProject
Project("{FAE04EC0-301F-11D3-BF4B-00C04F79EFBC}") = "Assembly-CSharp-Editor", "Assembly-CSharp-Editor.csproj", "{14E485EB-C89E-30D7-E8AF-BB65FA55261E}"
EndProject
Project("{FAE04EC0-301F-11D3-BF4B-00C04F79EFBC}") = "Unity.VisualScripting.Core.Editor", "Unity.VisualScripting.Core.Editor.csproj", "{C9818530-478E-14AC-3129-2F5E3120F2B7}"
EndProject
Project("{FAE04EC0-301F-11D3-BF4B-00C04F79EFBC}") = "Unity.PerformanceTesting.Editor", "Unity.PerformanceTesting.Editor.csproj", "{DBDB0724-0E0E-BA7F-3735-F0BFE5D1E26B}"
EndProject
Project("{FAE04EC0-301F-11D3-BF4B-00C04F79EFBC}") = "Unity.Splines", "Unity.Splines.csproj", "{AEFEDE00-65E2-AC87-93CB-A2943669BE0C}"
EndProject
Project("{FAE04EC0-301F-11D3-BF4B-00C04F79EFBC}") = "Assembly-CSharp", "Assembly-CSharp.csproj", "{DD5D0D55-205A-AC3A-1C29-334389B8D33A}"
EndProject
Project("{FAE04EC0-301F-11D3-BF4B-00C04F79EFBC}") = "Unity.Microsoft.GDK", "Unity.Microsoft.GDK.csproj", "{898E9385-F2E6-4476-CB1F-1F60A998C7B0}"
EndProject
Project("{FAE04EC0-301F-11D3-BF4B-00C04F79EFBC}") = "Unity.Burst", "Unity.Burst.csproj", "{DD540016-7EF5-D2EB-4C8A-DE6B690D7BDB}"
EndProject
Project("{FAE04EC0-301F-11D3-BF4B-00C04F79EFBC}") = "Unity.Services.Core.Environments.Editor", "Unity.Services.Core.Environments.Editor.csproj", "{6BD49620-76DC-C8E2-B33F-A11D6AF7FC6C}"
EndProject
Project("{FAE04EC0-301F-11D3-BF4B-00C04F79EFBC}") = "Unity.VisualScripting.Flow.Editor", "Unity.VisualScripting.Flow.Editor.csproj", "{9D5E2579-B6E0-590F-73F5-BA12A4AFB8B8}"
EndProject
Project("{FAE04EC0-301F-11D3-BF4B-00C04F79EFBC}") = "Unity.VisualStudio.Editor", "Unity.VisualStudio.Editor.csproj", "{9676EC4B-37E9-936F-9ED7-2E3750C47D0D}"
EndProject
Project("{FAE04EC0-301F-11D3-BF4B-00C04F79EFBC}") = "Unity.Microsoft.GDK.Editor", "Unity.Microsoft.GDK.Editor.csproj", "{23C3C4AE-35B5-AD5D-F0DF-7C94D0EBA4DC}"
EndProject
Project("{FAE04EC0-301F-11D3-BF4B-00C04F79EFBC}") = "Unity.Searcher.Editor", "Unity.Searcher.Editor.csproj", "{F4432229-33A9-32D6-E4B0-7B8FDCDEB3E4}"
EndProject
Project("{FAE04EC0-301F-11D3-BF4B-00C04F79EFBC}") = "Unity.VisualScripting.Core", "Unity.VisualScripting.Core.csproj", "{774BDADB-8DCF-151C-C1D7-0D84D84E7065}"
EndProject
Project("{FAE04EC0-301F-11D3-BF4B-00C04F79EFBC}") = "Unity.VisualScripting.State.Editor", "Unity.VisualScripting.State.Editor.csproj", "{3DBE034C-8564-8287-71C2-21E87E1FF724}"
EndProject
Project("{FAE04EC0-301F-11D3-BF4B-00C04F79EFBC}") = "Unity.AI.Navigation.Editor.ConversionSystem", "Unity.AI.Navigation.Editor.ConversionSystem.csproj", "{D2292360-91AA-4058-6CB3-A4CB87894F53}"
EndProject
Project("{FAE04EC0-301F-11D3-BF4B-00C04F79EFBC}") = "Unity.Services.Core.Editor", "Unity.Services.Core.Editor.csproj", "{BAAA8A65-C53F-7027-B2C5-158FB8C0661D}"
EndProject
Project("{FAE04EC0-301F-11D3-BF4B-00C04F79EFBC}") = "Unity.Burst.CodeGen", "Unity.Burst.CodeGen.csproj", "{F708365B-F24D-F30D-B62C-7F92A8FC0E03}"
EndProject
Project("{FAE04EC0-301F-11D3-BF4B-00C04F79EFBC}") = "Unity.Cinemachine", "Unity.Cinemachine.csproj", "{614EDD36-1B71-C7B0-CA70-AA56C1C81A04}"
EndProject
Project("{FAE04EC0-301F-11D3-BF4B-00C04F79EFBC}") = "Unity.Services.Core", "Unity.Services.Core.csproj", "{1ACD3A2E-BA11-7872-CF18-D87B8616013B}"
EndProject
Project("{FAE04EC0-301F-11D3-BF4B-00C04F79EFBC}") = "Unity.Purchasing.Stores", "Unity.Purchasing.Stores.csproj", "{1B957952-AC92-5D9F-4166-97493753AF74}"
EndProject
Project("{FAE04EC0-301F-11D3-BF4B-00C04F79EFBC}") = "Unity.VisualScripting.Flow", "Unity.VisualScripting.Flow.csproj", "{23673FB3-9FFF-595C-29DD-24E771D9C70B}"
EndProject
Project("{FAE04EC0-301F-11D3-BF4B-00C04F79EFBC}") = "Unity.Splines.Editor", "Unity.Splines.Editor.csproj", "{694112D6-9B66-EEA5-7ADE-AE6AB87AC785}"
EndProject
Project("{FAE04EC0-301F-11D3-BF4B-00C04F79EFBC}") = "Unity.PerformanceTesting", "Unity.PerformanceTesting.csproj", "{9AC87E7E-2A74-4059-25A2-BD370910CD07}"
EndProject
Project("{FAE04EC0-301F-11D3-BF4B-00C04F79EFBC}") = "CFXRRuntime", "CFXRRuntime.csproj", "{92569954-3738-9E77-16B1-FED571893F61}"
EndProject
Project("{FAE04EC0-301F-11D3-BF4B-00C04F79EFBC}") = "UnityEditor.Purchasing", "UnityEditor.Purchasing.csproj", "{5C51EF96-A6FA-EAB1-CF32-014D4FD636AD}"
EndProject
Project("{FAE04EC0-301F-11D3-BF4B-00C04F79EFBC}") = "Unity.Burst.Editor", "Unity.Burst.Editor.csproj", "{8EFAFAD1-B6FA-1848-7741-26124D0DF9B1}"
EndProject
Project("{FAE04EC0-301F-11D3-BF4B-00C04F79EFBC}") = "Unity.Rider.Editor", "Unity.Rider.Editor.csproj", "{4F30E33F-8272-E0F1-1403-1A0336BFD386}"
EndProject
Project("{FAE04EC0-301F-11D3-BF4B-00C04F79EFBC}") = "Unity.Cursor.Editor", "Unity.Cursor.Editor.csproj", "{0BA77CD5-5877-6848-01FE-55F267516692}"
EndProject
Project("{FAE04EC0-301F-11D3-BF4B-00C04F79EFBC}") = "Unity.VisualScripting.State", "Unity.VisualScripting.State.csproj", "{39426B62-6BC7-D7A9-BF48-044E48219303}"
EndProject
Project("{FAE04EC0-301F-11D3-BF4B-00C04F79EFBC}") = "Unity.Purchasing.AppleMacosStub", "Unity.Purchasing.AppleMacosStub.csproj", "{9990A2A0-7943-774A-EED4-4FF6429D72AC}"
EndProject
Project("{FAE04EC0-301F-11D3-BF4B-00C04F79EFBC}") = "Unity.AI.Navigation.Updater", "Unity.AI.Navigation.Updater.csproj", "{527B027C-D0EE-85EF-473E-9B46799D883E}"
EndProject
Project("{FAE04EC0-301F-11D3-BF4B-00C04F79EFBC}") = "Unity.Purchasing.Codeless", "Unity.Purchasing.Codeless.csproj", "{1ADAF8F8-A350-2FCE-DA91-081CBACB4E24}"
EndProject
Project("{FAE04EC0-301F-11D3-BF4B-00C04F79EFBC}") = "Unity.Microsoft.GDK.Tools", "Unity.Microsoft.GDK.Tools.csproj", "{BD5328AD-2728-4192-105F-4179B0F3991A}"
EndProject
Project("{FAE04EC0-301F-11D3-BF4B-00C04F79EFBC}") = "Unity.AI.Navigation.Editor", "Unity.AI.Navigation.Editor.csproj", "{3307EA66-3651-D9C8-6B14-6B97549A926B}"
EndProject
Project("{FAE04EC0-301F-11D3-BF4B-00C04F79EFBC}") = "Unity.Microsoft.GDK.Tools.Editor", "Unity.Microsoft.GDK.Tools.Editor.csproj", "{0A157CC2-8559-3AC5-666C-8780BC45FB18}"
EndProject
Project("{FAE04EC0-301F-11D3-BF4B-00C04F79EFBC}") = "Unity.Services.Core.Configuration.Editor", "Unity.Services.Core.Configuration.Editor.csproj", "{9AA498C1-9C55-0C05-E41C-E00152768785}"
EndProject
Project("{FAE04EC0-301F-11D3-BF4B-00C04F79EFBC}") = "Unity.Services.Core.Configuration", "Unity.Services.Core.Configuration.csproj", "{CD7C128C-A503-0535-0338-C876D40BEEC0}"
EndProject
Project("{FAE04EC0-301F-11D3-BF4B-00C04F79EFBC}") = "Assembly-CSharp-firstpass", "Assembly-CSharp-firstpass.csproj", "{CA434C39-FE9C-8D07-E2AF-94EE7E506353}"
EndProject
Project("{FAE04EC0-301F-11D3-BF4B-00C04F79EFBC}") = "Unity.Services.Core.Environments.Internal", "Unity.Services.Core.Environments.Internal.csproj", "{D7110AC9-DF5A-6DEE-5C73-47F43C3C8A22}"
EndProject
Project("{FAE04EC0-301F-11D3-BF4B-00C04F79EFBC}") = "Unity.InputSystem.ForUI", "Unity.InputSystem.ForUI.csproj", "{B2E3FD8E-5D1B-2DC5-1CFA-0FB73E6F1B94}"
EndProject
Project("{FAE04EC0-301F-11D3-BF4B-00C04F79EFBC}") = "Unity.Services.Core.Scheduler", "Unity.Services.Core.Scheduler.csproj", "{1B712D47-972F-65B4-F48E-E39B39D81E71}"
EndProject
Project("{FAE04EC0-301F-11D3-BF4B-00C04F79EFBC}") = "Unity.Purchasing.SecurityCore", "Unity.Purchasing.SecurityCore.csproj", "{09AA1907-EAD5-EDF3-1DE6-0B0D30C6E135}"
EndProject
Project("{FAE04EC0-301F-11D3-BF4B-00C04F79EFBC}") = "Unity.AI.Navigation", "Unity.AI.Navigation.csproj", "{77B9F1D4-6776-AEF9-673B-6B9E86FF0F5F}"
EndProject
Project("{FAE04EC0-301F-11D3-BF4B-00C04F79EFBC}") = "Unity.Services.Core.Telemetry", "Unity.Services.Core.Telemetry.csproj", "{70B1C280-9B89-AA1C-3878-6F488A4DC17B}"
EndProject
Project("{FAE04EC0-301F-11D3-BF4B-00C04F79EFBC}") = "Unity.Services.Core.Components", "Unity.Services.Core.Components.csproj", "{A5BB738B-2F54-2FA5-FF1B-4371406A9AB4}"
EndProject
Project("{FAE04EC0-301F-11D3-BF4B-00C04F79EFBC}") = "Unity.Mathematics.Editor", "Unity.Mathematics.Editor.csproj", "{B296E508-E7C8-E265-8EF2-F92F1E3DB5F1}"
EndProject
Project("{FAE04EC0-301F-11D3-BF4B-00C04F79EFBC}") = "Unity.VisualScripting.SettingsProvider.Editor", "Unity.VisualScripting.SettingsProvider.Editor.csproj", "{E5F22EB6-CC11-7FAB-C653-3C49CD1E437D}"
EndProject
Project("{FAE04EC0-301F-11D3-BF4B-00C04F79EFBC}") = "Unity.Services.Core.Threading", "Unity.Services.Core.Threading.csproj", "{A4EDB993-5444-EDEB-E3DC-5DF02D5A11B8}"
EndProject
Project("{FAE04EC0-301F-11D3-BF4B-00C04F79EFBC}") = "Unity.Purchasing.Utilities", "Unity.Purchasing.Utilities.csproj", "{9383205C-16A3-EFAC-492A-D6099D410245}"
EndProject
Project("{FAE04EC0-301F-11D3-BF4B-00C04F79EFBC}") = "Unity.Settings.Editor", "Unity.Settings.Editor.csproj", "{3D159136-8C2F-EB99-45C1-23017569B890}"
EndProject
Project("{FAE04EC0-301F-11D3-BF4B-00C04F79EFBC}") = "Unity.Microsoft.GDK.Discovery", "Unity.Microsoft.GDK.Discovery.csproj", "{F64CF256-854C-ACAD-4B1C-827ADCEAC2D3}"
EndProject
Project("{FAE04EC0-301F-11D3-BF4B-00C04F79EFBC}") = "Unity.InputSystem.TestFramework", "Unity.InputSystem.TestFramework.csproj", "{45BE2070-71E3-9590-8578-BA28457D076D}"
EndProject
Project("{FAE04EC0-301F-11D3-BF4B-00C04F79EFBC}") = "CFXREditor", "CFXREditor.csproj", "{89E9A4AD-7D6B-621B-4051-1E9DD5F7F2BB}"
EndProject
Project("{FAE04EC0-301F-11D3-BF4B-00C04F79EFBC}") = "Unity.VisualScripting.Shared.Editor", "Unity.VisualScripting.Shared.Editor.csproj", "{52A46A03-A2D6-3765-F8EF-CC4642EFABB6}"
EndProject
Project("{FAE04EC0-301F-11D3-BF4B-00C04F79EFBC}") = "Unity.Services.Core.Device", "Unity.Services.Core.Device.csproj", "{DD6CAA28-9714-98CF-69AD-C91B5EA2972B}"
EndProject
Project("{FAE04EC0-301F-11D3-BF4B-00C04F79EFBC}") = "Unity.Services.Core.Analytics", "Unity.Services.Core.Analytics.csproj", "{C88E0D8B-CC57-CACE-776C-A4B8BD2FB751}"
EndProject
Project("{FAE04EC0-301F-11D3-BF4B-00C04F79EFBC}") = "Unity.Purchasing.AppleStub", "Unity.Purchasing.AppleStub.csproj", "{90F11D01-3C5D-9691-230D-054A11B5FD85}"
EndProject
Project("{FAE04EC0-301F-11D3-BF4B-00C04F79EFBC}") = "Unity.Purchasing.SecurityStub", "Unity.Purchasing.SecurityStub.csproj", "{207E9D28-0732-62FB-1264-F245B77E21D7}"
EndProject
Project("{FAE04EC0-301F-11D3-BF4B-00C04F79EFBC}") = "IAPResolver", "IAPResolver.csproj", "{F9077899-F734-15AD-318A-8FD5FB2BC31F}"
EndProject
Project("{FAE04EC0-301F-11D3-BF4B-00C04F79EFBC}") = "Unity.Services.Core.Registration", "Unity.Services.Core.Registration.csproj", "{12A25A6D-7855-2BA9-2409-D1E05E7D00DC}"
EndProject
Project("{FAE04EC0-301F-11D3-BF4B-00C04F79EFBC}") = "Unity.InputSystem.DocCodeSamples", "Unity.InputSystem.DocCodeSamples.csproj", "{14A34D84-0AA9-4D43-46F0-ACD4DBDD57A4}"
EndProject
Project("{FAE04EC0-301F-11D3-BF4B-00C04F79EFBC}") = "Unity.Services.Core.Networking", "Unity.Services.Core.Networking.csproj", "{417D5124-FC52-4E63-3D90-16596AA2293D}"
EndProject
Project("{FAE04EC0-301F-11D3-BF4B-00C04F79EFBC}") = "Unity.VisualScripting.DocCodeExamples", "Unity.VisualScripting.DocCodeExamples.csproj", "{08E99177-8715-E66B-5AFB-72F87F0E7D1F}"
EndProject
Project("{FAE04EC0-301F-11D3-BF4B-00C04F79EFBC}") = "Unity.Services.Core.Environments", "Unity.Services.Core.Environments.csproj", "{4A91D50E-0A6F-DFDA-92A3-36CDF7C4D737}"
EndProject
Global
	GlobalSection(SolutionConfigurationPlatforms) = preSolution
		Debug|Any CPU = Debug|Any CPU
		Release|Any CPU = Release|Any CPU
	EndGlobalSection
	GlobalSection(ProjectConfigurationPlatforms) = postSolution
		{6AA506A1-BB76-B30F-F823-8E6CAEF63741}.Debug|Any CPU.ActiveCfg = Debug|Any CPU
		{6AA506A1-BB76-B30F-F823-8E6CAEF63741}.Debug|Any CPU.Build.0 = Debug|Any CPU
		{6AA506A1-BB76-B30F-F823-8E6CAEF63741}.Release|Any CPU.ActiveCfg = Release|Any CPU
		{6AA506A1-BB76-B30F-F823-8E6CAEF63741}.Release|Any CPU.Build.0 = Release|Any CPU
		{2DC6D84C-3C61-2141-7F1B-F49608350CCA}.Debug|Any CPU.ActiveCfg = Debug|Any CPU
		{2DC6D84C-3C61-2141-7F1B-F49608350CCA}.Debug|Any CPU.Build.0 = Debug|Any CPU
		{2DC6D84C-3C61-2141-7F1B-F49608350CCA}.Release|Any CPU.ActiveCfg = Release|Any CPU
		{2DC6D84C-3C61-2141-7F1B-F49608350CCA}.Release|Any CPU.Build.0 = Release|Any CPU
		{E6F80CE1-8163-ADF9-99FC-D28843AA469A}.Debug|Any CPU.ActiveCfg = Debug|Any CPU
		{E6F80CE1-8163-ADF9-99FC-D28843AA469A}.Debug|Any CPU.Build.0 = Debug|Any CPU
		{E6F80CE1-8163-ADF9-99FC-D28843AA469A}.Release|Any CPU.ActiveCfg = Release|Any CPU
		{E6F80CE1-8163-ADF9-99FC-D28843AA469A}.Release|Any CPU.Build.0 = Release|Any CPU
		{3F4169DF-23F5-D575-768E-231C14348C92}.Debug|Any CPU.ActiveCfg = Debug|Any CPU
		{3F4169DF-23F5-D575-768E-231C14348C92}.Debug|Any CPU.Build.0 = Debug|Any CPU
		{3F4169DF-23F5-D575-768E-231C14348C92}.Release|Any CPU.ActiveCfg = Release|Any CPU
		{3F4169DF-23F5-D575-768E-231C14348C92}.Release|Any CPU.Build.0 = Release|Any CPU
		{28C7D3F3-A317-88B7-BB0B-FA8BAC5194CE}.Debug|Any CPU.ActiveCfg = Debug|Any CPU
		{28C7D3F3-A317-88B7-BB0B-FA8BAC5194CE}.Debug|Any CPU.Build.0 = Debug|Any CPU
		{28C7D3F3-A317-88B7-BB0B-FA8BAC5194CE}.Release|Any CPU.ActiveCfg = Release|Any CPU
		{28C7D3F3-A317-88B7-BB0B-FA8BAC5194CE}.Release|Any CPU.Build.0 = Release|Any CPU
		{DF23895D-4498-7018-68C4-DF1BFC359FED}.Debug|Any CPU.ActiveCfg = Debug|Any CPU
		{DF23895D-4498-7018-68C4-DF1BFC359FED}.Debug|Any CPU.Build.0 = Debug|Any CPU
		{DF23895D-4498-7018-68C4-DF1BFC359FED}.Release|Any CPU.ActiveCfg = Release|Any CPU
		{DF23895D-4498-7018-68C4-DF1BFC359FED}.Release|Any CPU.Build.0 = Release|Any CPU
		{0185150B-0C91-5226-6F7F-9778862A07F1}.Debug|Any CPU.ActiveCfg = Debug|Any CPU
		{0185150B-0C91-5226-6F7F-9778862A07F1}.Debug|Any CPU.Build.0 = Debug|Any CPU
		{0185150B-0C91-5226-6F7F-9778862A07F1}.Release|Any CPU.ActiveCfg = Release|Any CPU
		{0185150B-0C91-5226-6F7F-9778862A07F1}.Release|Any CPU.Build.0 = Release|Any CPU
		{14E485EB-C89E-30D7-E8AF-BB65FA55261E}.Debug|Any CPU.ActiveCfg = Debug|Any CPU
		{14E485EB-C89E-30D7-E8AF-BB65FA55261E}.Debug|Any CPU.Build.0 = Debug|Any CPU
		{14E485EB-C89E-30D7-E8AF-BB65FA55261E}.Release|Any CPU.ActiveCfg = Release|Any CPU
		{14E485EB-C89E-30D7-E8AF-BB65FA55261E}.Release|Any CPU.Build.0 = Release|Any CPU
		{C9818530-478E-14AC-3129-2F5E3120F2B7}.Debug|Any CPU.ActiveCfg = Debug|Any CPU
		{C9818530-478E-14AC-3129-2F5E3120F2B7}.Debug|Any CPU.Build.0 = Debug|Any CPU
		{C9818530-478E-14AC-3129-2F5E3120F2B7}.Release|Any CPU.ActiveCfg = Release|Any CPU
		{C9818530-478E-14AC-3129-2F5E3120F2B7}.Release|Any CPU.Build.0 = Release|Any CPU
		{DBDB0724-0E0E-BA7F-3735-F0BFE5D1E26B}.Debug|Any CPU.ActiveCfg = Debug|Any CPU
		{DBDB0724-0E0E-BA7F-3735-F0BFE5D1E26B}.Debug|Any CPU.Build.0 = Debug|Any CPU
		{DBDB0724-0E0E-BA7F-3735-F0BFE5D1E26B}.Release|Any CPU.ActiveCfg = Release|Any CPU
		{DBDB0724-0E0E-BA7F-3735-F0BFE5D1E26B}.Release|Any CPU.Build.0 = Release|Any CPU
		{AEFEDE00-65E2-AC87-93CB-A2943669BE0C}.Debug|Any CPU.ActiveCfg = Debug|Any CPU
		{AEFEDE00-65E2-AC87-93CB-A2943669BE0C}.Debug|Any CPU.Build.0 = Debug|Any CPU
		{AEFEDE00-65E2-AC87-93CB-A2943669BE0C}.Release|Any CPU.ActiveCfg = Release|Any CPU
		{AEFEDE00-65E2-AC87-93CB-A2943669BE0C}.Release|Any CPU.Build.0 = Release|Any CPU
		{DD5D0D55-205A-AC3A-1C29-334389B8D33A}.Debug|Any CPU.ActiveCfg = Debug|Any CPU
		{DD5D0D55-205A-AC3A-1C29-334389B8D33A}.Debug|Any CPU.Build.0 = Debug|Any CPU
		{DD5D0D55-205A-AC3A-1C29-334389B8D33A}.Release|Any CPU.ActiveCfg = Release|Any CPU
		{DD5D0D55-205A-AC3A-1C29-334389B8D33A}.Release|Any CPU.Build.0 = Release|Any CPU
		{898E9385-F2E6-4476-CB1F-1F60A998C7B0}.Debug|Any CPU.ActiveCfg = Debug|Any CPU
		{898E9385-F2E6-4476-CB1F-1F60A998C7B0}.Debug|Any CPU.Build.0 = Debug|Any CPU
		{898E9385-F2E6-4476-CB1F-1F60A998C7B0}.Release|Any CPU.ActiveCfg = Release|Any CPU
		{898E9385-F2E6-4476-CB1F-1F60A998C7B0}.Release|Any CPU.Build.0 = Release|Any CPU
		{DD540016-7EF5-D2EB-4C8A-DE6B690D7BDB}.Debug|Any CPU.ActiveCfg = Debug|Any CPU
		{DD540016-7EF5-D2EB-4C8A-DE6B690D7BDB}.Debug|Any CPU.Build.0 = Debug|Any CPU
		{DD540016-7EF5-D2EB-4C8A-DE6B690D7BDB}.Release|Any CPU.ActiveCfg = Release|Any CPU
		{DD540016-7EF5-D2EB-4C8A-DE6B690D7BDB}.Release|Any CPU.Build.0 = Release|Any CPU
		{6BD49620-76DC-C8E2-B33F-A11D6AF7FC6C}.Debug|Any CPU.ActiveCfg = Debug|Any CPU
		{6BD49620-76DC-C8E2-B33F-A11D6AF7FC6C}.Debug|Any CPU.Build.0 = Debug|Any CPU
		{6BD49620-76DC-C8E2-B33F-A11D6AF7FC6C}.Release|Any CPU.ActiveCfg = Release|Any CPU
		{6BD49620-76DC-C8E2-B33F-A11D6AF7FC6C}.Release|Any CPU.Build.0 = Release|Any CPU
		{9D5E2579-B6E0-590F-73F5-BA12A4AFB8B8}.Debug|Any CPU.ActiveCfg = Debug|Any CPU
		{9D5E2579-B6E0-590F-73F5-BA12A4AFB8B8}.Debug|Any CPU.Build.0 = Debug|Any CPU
		{9D5E2579-B6E0-590F-73F5-BA12A4AFB8B8}.Release|Any CPU.ActiveCfg = Release|Any CPU
		{9D5E2579-B6E0-590F-73F5-BA12A4AFB8B8}.Release|Any CPU.Build.0 = Release|Any CPU
		{9676EC4B-37E9-936F-9ED7-2E3750C47D0D}.Debug|Any CPU.ActiveCfg = Debug|Any CPU
		{9676EC4B-37E9-936F-9ED7-2E3750C47D0D}.Debug|Any CPU.Build.0 = Debug|Any CPU
		{9676EC4B-37E9-936F-9ED7-2E3750C47D0D}.Release|Any CPU.ActiveCfg = Release|Any CPU
		{9676EC4B-37E9-936F-9ED7-2E3750C47D0D}.Release|Any CPU.Build.0 = Release|Any CPU
		{23C3C4AE-35B5-AD5D-F0DF-7C94D0EBA4DC}.Debug|Any CPU.ActiveCfg = Debug|Any CPU
		{23C3C4AE-35B5-AD5D-F0DF-7C94D0EBA4DC}.Debug|Any CPU.Build.0 = Debug|Any CPU
		{23C3C4AE-35B5-AD5D-F0DF-7C94D0EBA4DC}.Release|Any CPU.ActiveCfg = Release|Any CPU
		{23C3C4AE-35B5-AD5D-F0DF-7C94D0EBA4DC}.Release|Any CPU.Build.0 = Release|Any CPU
		{F4432229-33A9-32D6-E4B0-7B8FDCDEB3E4}.Debug|Any CPU.ActiveCfg = Debug|Any CPU
		{F4432229-33A9-32D6-E4B0-7B8FDCDEB3E4}.Debug|Any CPU.Build.0 = Debug|Any CPU
		{F4432229-33A9-32D6-E4B0-7B8FDCDEB3E4}.Release|Any CPU.ActiveCfg = Release|Any CPU
		{F4432229-33A9-32D6-E4B0-7B8FDCDEB3E4}.Release|Any CPU.Build.0 = Release|Any CPU
		{774BDADB-8DCF-151C-C1D7-0D84D84E7065}.Debug|Any CPU.ActiveCfg = Debug|Any CPU
		{774BDADB-8DCF-151C-C1D7-0D84D84E7065}.Debug|Any CPU.Build.0 = Debug|Any CPU
		{774BDADB-8DCF-151C-C1D7-0D84D84E7065}.Release|Any CPU.ActiveCfg = Release|Any CPU
		{774BDADB-8DCF-151C-C1D7-0D84D84E7065}.Release|Any CPU.Build.0 = Release|Any CPU
		{3DBE034C-8564-8287-71C2-21E87E1FF724}.Debug|Any CPU.ActiveCfg = Debug|Any CPU
		{3DBE034C-8564-8287-71C2-21E87E1FF724}.Debug|Any CPU.Build.0 = Debug|Any CPU
		{3DBE034C-8564-8287-71C2-21E87E1FF724}.Release|Any CPU.ActiveCfg = Release|Any CPU
		{3DBE034C-8564-8287-71C2-21E87E1FF724}.Release|Any CPU.Build.0 = Release|Any CPU
		{D2292360-91AA-4058-6CB3-A4CB87894F53}.Debug|Any CPU.ActiveCfg = Debug|Any CPU
		{D2292360-91AA-4058-6CB3-A4CB87894F53}.Debug|Any CPU.Build.0 = Debug|Any CPU
		{D2292360-91AA-4058-6CB3-A4CB87894F53}.Release|Any CPU.ActiveCfg = Release|Any CPU
		{D2292360-91AA-4058-6CB3-A4CB87894F53}.Release|Any CPU.Build.0 = Release|Any CPU
		{BAAA8A65-C53F-7027-B2C5-158FB8C0661D}.Debug|Any CPU.ActiveCfg = Debug|Any CPU
		{BAAA8A65-C53F-7027-B2C5-158FB8C0661D}.Debug|Any CPU.Build.0 = Debug|Any CPU
		{BAAA8A65-C53F-7027-B2C5-158FB8C0661D}.Release|Any CPU.ActiveCfg = Release|Any CPU
		{BAAA8A65-C53F-7027-B2C5-158FB8C0661D}.Release|Any CPU.Build.0 = Release|Any CPU
		{F708365B-F24D-F30D-B62C-7F92A8FC0E03}.Debug|Any CPU.ActiveCfg = Debug|Any CPU
		{F708365B-F24D-F30D-B62C-7F92A8FC0E03}.Debug|Any CPU.Build.0 = Debug|Any CPU
		{F708365B-F24D-F30D-B62C-7F92A8FC0E03}.Release|Any CPU.ActiveCfg = Release|Any CPU
		{F708365B-F24D-F30D-B62C-7F92A8FC0E03}.Release|Any CPU.Build.0 = Release|Any CPU
		{614EDD36-1B71-C7B0-CA70-AA56C1C81A04}.Debug|Any CPU.ActiveCfg = Debug|Any CPU
		{614EDD36-1B71-C7B0-CA70-AA56C1C81A04}.Debug|Any CPU.Build.0 = Debug|Any CPU
		{614EDD36-1B71-C7B0-CA70-AA56C1C81A04}.Release|Any CPU.ActiveCfg = Release|Any CPU
		{614EDD36-1B71-C7B0-CA70-AA56C1C81A04}.Release|Any CPU.Build.0 = Release|Any CPU
		{1ACD3A2E-BA11-7872-CF18-D87B8616013B}.Debug|Any CPU.ActiveCfg = Debug|Any CPU
		{1ACD3A2E-BA11-7872-CF18-D87B8616013B}.Debug|Any CPU.Build.0 = Debug|Any CPU
		{1ACD3A2E-BA11-7872-CF18-D87B8616013B}.Release|Any CPU.ActiveCfg = Release|Any CPU
		{1ACD3A2E-BA11-7872-CF18-D87B8616013B}.Release|Any CPU.Build.0 = Release|Any CPU
		{1B957952-AC92-5D9F-4166-97493753AF74}.Debug|Any CPU.ActiveCfg = Debug|Any CPU
		{1B957952-AC92-5D9F-4166-97493753AF74}.Debug|Any CPU.Build.0 = Debug|Any CPU
		{1B957952-AC92-5D9F-4166-97493753AF74}.Release|Any CPU.ActiveCfg = Release|Any CPU
		{1B957952-AC92-5D9F-4166-97493753AF74}.Release|Any CPU.Build.0 = Release|Any CPU
		{23673FB3-9FFF-595C-29DD-24E771D9C70B}.Debug|Any CPU.ActiveCfg = Debug|Any CPU
		{23673FB3-9FFF-595C-29DD-24E771D9C70B}.Debug|Any CPU.Build.0 = Debug|Any CPU
		{23673FB3-9FFF-595C-29DD-24E771D9C70B}.Release|Any CPU.ActiveCfg = Release|Any CPU
		{23673FB3-9FFF-595C-29DD-24E771D9C70B}.Release|Any CPU.Build.0 = Release|Any CPU
		{694112D6-9B66-EEA5-7ADE-AE6AB87AC785}.Debug|Any CPU.ActiveCfg = Debug|Any CPU
		{694112D6-9B66-EEA5-7ADE-AE6AB87AC785}.Debug|Any CPU.Build.0 = Debug|Any CPU
		{694112D6-9B66-EEA5-7ADE-AE6AB87AC785}.Release|Any CPU.ActiveCfg = Release|Any CPU
		{694112D6-9B66-EEA5-7ADE-AE6AB87AC785}.Release|Any CPU.Build.0 = Release|Any CPU
		{9AC87E7E-2A74-4059-25A2-BD370910CD07}.Debug|Any CPU.ActiveCfg = Debug|Any CPU
		{9AC87E7E-2A74-4059-25A2-BD370910CD07}.Debug|Any CPU.Build.0 = Debug|Any CPU
		{9AC87E7E-2A74-4059-25A2-BD370910CD07}.Release|Any CPU.ActiveCfg = Release|Any CPU
		{9AC87E7E-2A74-4059-25A2-BD370910CD07}.Release|Any CPU.Build.0 = Release|Any CPU
		{92569954-3738-9E77-16B1-FED571893F61}.Debug|Any CPU.ActiveCfg = Debug|Any CPU
		{92569954-3738-9E77-16B1-FED571893F61}.Debug|Any CPU.Build.0 = Debug|Any CPU
		{92569954-3738-9E77-16B1-FED571893F61}.Release|Any CPU.ActiveCfg = Release|Any CPU
		{92569954-3738-9E77-16B1-FED571893F61}.Release|Any CPU.Build.0 = Release|Any CPU
		{5C51EF96-A6FA-EAB1-CF32-014D4FD636AD}.Debug|Any CPU.ActiveCfg = Debug|Any CPU
		{5C51EF96-A6FA-EAB1-CF32-014D4FD636AD}.Debug|Any CPU.Build.0 = Debug|Any CPU
		{5C51EF96-A6FA-EAB1-CF32-014D4FD636AD}.Release|Any CPU.ActiveCfg = Release|Any CPU
		{5C51EF96-A6FA-EAB1-CF32-014D4FD636AD}.Release|Any CPU.Build.0 = Release|Any CPU
		{8EFAFAD1-B6FA-1848-7741-26124D0DF9B1}.Debug|Any CPU.ActiveCfg = Debug|Any CPU
		{8EFAFAD1-B6FA-1848-7741-26124D0DF9B1}.Debug|Any CPU.Build.0 = Debug|Any CPU
		{8EFAFAD1-B6FA-1848-7741-26124D0DF9B1}.Release|Any CPU.ActiveCfg = Release|Any CPU
		{8EFAFAD1-B6FA-1848-7741-26124D0DF9B1}.Release|Any CPU.Build.0 = Release|Any CPU
		{4F30E33F-8272-E0F1-1403-1A0336BFD386}.Debug|Any CPU.ActiveCfg = Debug|Any CPU
		{4F30E33F-8272-E0F1-1403-1A0336BFD386}.Debug|Any CPU.Build.0 = Debug|Any CPU
		{4F30E33F-8272-E0F1-1403-1A0336BFD386}.Release|Any CPU.ActiveCfg = Release|Any CPU
		{4F30E33F-8272-E0F1-1403-1A0336BFD386}.Release|Any CPU.Build.0 = Release|Any CPU
		{0BA77CD5-5877-6848-01FE-55F267516692}.Debug|Any CPU.ActiveCfg = Debug|Any CPU
		{0BA77CD5-5877-6848-01FE-55F267516692}.Debug|Any CPU.Build.0 = Debug|Any CPU
		{0BA77CD5-5877-6848-01FE-55F267516692}.Release|Any CPU.ActiveCfg = Release|Any CPU
		{0BA77CD5-5877-6848-01FE-55F267516692}.Release|Any CPU.Build.0 = Release|Any CPU
		{39426B62-6BC7-D7A9-BF48-044E48219303}.Debug|Any CPU.ActiveCfg = Debug|Any CPU
		{39426B62-6BC7-D7A9-BF48-044E48219303}.Debug|Any CPU.Build.0 = Debug|Any CPU
		{39426B62-6BC7-D7A9-BF48-044E48219303}.Release|Any CPU.ActiveCfg = Release|Any CPU
		{39426B62-6BC7-D7A9-BF48-044E48219303}.Release|Any CPU.Build.0 = Release|Any CPU
		{9990A2A0-7943-774A-EED4-4FF6429D72AC}.Debug|Any CPU.ActiveCfg = Debug|Any CPU
		{9990A2A0-7943-774A-EED4-4FF6429D72AC}.Debug|Any CPU.Build.0 = Debug|Any CPU
		{9990A2A0-7943-774A-EED4-4FF6429D72AC}.Release|Any CPU.ActiveCfg = Release|Any CPU
		{9990A2A0-7943-774A-EED4-4FF6429D72AC}.Release|Any CPU.Build.0 = Release|Any CPU
		{527B027C-D0EE-85EF-473E-9B46799D883E}.Debug|Any CPU.ActiveCfg = Debug|Any CPU
		{527B027C-D0EE-85EF-473E-9B46799D883E}.Debug|Any CPU.Build.0 = Debug|Any CPU
		{527B027C-D0EE-85EF-473E-9B46799D883E}.Release|Any CPU.ActiveCfg = Release|Any CPU
		{527B027C-D0EE-85EF-473E-9B46799D883E}.Release|Any CPU.Build.0 = Release|Any CPU
		{1ADAF8F8-A350-2FCE-DA91-081CBACB4E24}.Debug|Any CPU.ActiveCfg = Debug|Any CPU
		{1ADAF8F8-A350-2FCE-DA91-081CBACB4E24}.Debug|Any CPU.Build.0 = Debug|Any CPU
		{1ADAF8F8-A350-2FCE-DA91-081CBACB4E24}.Release|Any CPU.ActiveCfg = Release|Any CPU
		{1ADAF8F8-A350-2FCE-DA91-081CBACB4E24}.Release|Any CPU.Build.0 = Release|Any CPU
		{BD5328AD-2728-4192-105F-4179B0F3991A}.Debug|Any CPU.ActiveCfg = Debug|Any CPU
		{BD5328AD-2728-4192-105F-4179B0F3991A}.Debug|Any CPU.Build.0 = Debug|Any CPU
		{BD5328AD-2728-4192-105F-4179B0F3991A}.Release|Any CPU.ActiveCfg = Release|Any CPU
		{BD5328AD-2728-4192-105F-4179B0F3991A}.Release|Any CPU.Build.0 = Release|Any CPU
		{3307EA66-3651-D9C8-6B14-6B97549A926B}.Debug|Any CPU.ActiveCfg = Debug|Any CPU
		{3307EA66-3651-D9C8-6B14-6B97549A926B}.Debug|Any CPU.Build.0 = Debug|Any CPU
		{3307EA66-3651-D9C8-6B14-6B97549A926B}.Release|Any CPU.ActiveCfg = Release|Any CPU
		{3307EA66-3651-D9C8-6B14-6B97549A926B}.Release|Any CPU.Build.0 = Release|Any CPU
		{0A157CC2-8559-3AC5-666C-8780BC45FB18}.Debug|Any CPU.ActiveCfg = Debug|Any CPU
		{0A157CC2-8559-3AC5-666C-8780BC45FB18}.Debug|Any CPU.Build.0 = Debug|Any CPU
		{0A157CC2-8559-3AC5-666C-8780BC45FB18}.Release|Any CPU.ActiveCfg = Release|Any CPU
		{0A157CC2-8559-3AC5-666C-8780BC45FB18}.Release|Any CPU.Build.0 = Release|Any CPU
		{9AA498C1-9C55-0C05-E41C-E00152768785}.Debug|Any CPU.ActiveCfg = Debug|Any CPU
		{9AA498C1-9C55-0C05-E41C-E00152768785}.Debug|Any CPU.Build.0 = Debug|Any CPU
		{9AA498C1-9C55-0C05-E41C-E00152768785}.Release|Any CPU.ActiveCfg = Release|Any CPU
		{9AA498C1-9C55-0C05-E41C-E00152768785}.Release|Any CPU.Build.0 = Release|Any CPU
		{CD7C128C-A503-0535-0338-C876D40BEEC0}.Debug|Any CPU.ActiveCfg = Debug|Any CPU
		{CD7C128C-A503-0535-0338-C876D40BEEC0}.Debug|Any CPU.Build.0 = Debug|Any CPU
		{CD7C128C-A503-0535-0338-C876D40BEEC0}.Release|Any CPU.ActiveCfg = Release|Any CPU
		{CD7C128C-A503-0535-0338-C876D40BEEC0}.Release|Any CPU.Build.0 = Release|Any CPU
		{CA434C39-FE9C-8D07-E2AF-94EE7E506353}.Debug|Any CPU.ActiveCfg = Debug|Any CPU
		{CA434C39-FE9C-8D07-E2AF-94EE7E506353}.Debug|Any CPU.Build.0 = Debug|Any CPU
		{CA434C39-FE9C-8D07-E2AF-94EE7E506353}.Release|Any CPU.ActiveCfg = Release|Any CPU
		{CA434C39-FE9C-8D07-E2AF-94EE7E506353}.Release|Any CPU.Build.0 = Release|Any CPU
		{D7110AC9-DF5A-6DEE-5C73-47F43C3C8A22}.Debug|Any CPU.ActiveCfg = Debug|Any CPU
		{D7110AC9-DF5A-6DEE-5C73-47F43C3C8A22}.Debug|Any CPU.Build.0 = Debug|Any CPU
		{D7110AC9-DF5A-6DEE-5C73-47F43C3C8A22}.Release|Any CPU.ActiveCfg = Release|Any CPU
		{D7110AC9-DF5A-6DEE-5C73-47F43C3C8A22}.Release|Any CPU.Build.0 = Release|Any CPU
		{B2E3FD8E-5D1B-2DC5-1CFA-0FB73E6F1B94}.Debug|Any CPU.ActiveCfg = Debug|Any CPU
		{B2E3FD8E-5D1B-2DC5-1CFA-0FB73E6F1B94}.Debug|Any CPU.Build.0 = Debug|Any CPU
		{B2E3FD8E-5D1B-2DC5-1CFA-0FB73E6F1B94}.Release|Any CPU.ActiveCfg = Release|Any CPU
		{B2E3FD8E-5D1B-2DC5-1CFA-0FB73E6F1B94}.Release|Any CPU.Build.0 = Release|Any CPU
		{1B712D47-972F-65B4-F48E-E39B39D81E71}.Debug|Any CPU.ActiveCfg = Debug|Any CPU
		{1B712D47-972F-65B4-F48E-E39B39D81E71}.Debug|Any CPU.Build.0 = Debug|Any CPU
		{1B712D47-972F-65B4-F48E-E39B39D81E71}.Release|Any CPU.ActiveCfg = Release|Any CPU
		{1B712D47-972F-65B4-F48E-E39B39D81E71}.Release|Any CPU.Build.0 = Release|Any CPU
		{09AA1907-EAD5-EDF3-1DE6-0B0D30C6E135}.Debug|Any CPU.ActiveCfg = Debug|Any CPU
		{09AA1907-EAD5-EDF3-1DE6-0B0D30C6E135}.Debug|Any CPU.Build.0 = Debug|Any CPU
		{09AA1907-EAD5-EDF3-1DE6-0B0D30C6E135}.Release|Any CPU.ActiveCfg = Release|Any CPU
		{09AA1907-EAD5-EDF3-1DE6-0B0D30C6E135}.Release|Any CPU.Build.0 = Release|Any CPU
		{77B9F1D4-6776-AEF9-673B-6B9E86FF0F5F}.Debug|Any CPU.ActiveCfg = Debug|Any CPU
		{77B9F1D4-6776-AEF9-673B-6B9E86FF0F5F}.Debug|Any CPU.Build.0 = Debug|Any CPU
		{77B9F1D4-6776-AEF9-673B-6B9E86FF0F5F}.Release|Any CPU.ActiveCfg = Release|Any CPU
		{77B9F1D4-6776-AEF9-673B-6B9E86FF0F5F}.Release|Any CPU.Build.0 = Release|Any CPU
		{70B1C280-9B89-AA1C-3878-6F488A4DC17B}.Debug|Any CPU.ActiveCfg = Debug|Any CPU
		{70B1C280-9B89-AA1C-3878-6F488A4DC17B}.Debug|Any CPU.Build.0 = Debug|Any CPU
		{70B1C280-9B89-AA1C-3878-6F488A4DC17B}.Release|Any CPU.ActiveCfg = Release|Any CPU
		{70B1C280-9B89-AA1C-3878-6F488A4DC17B}.Release|Any CPU.Build.0 = Release|Any CPU
		{A5BB738B-2F54-2FA5-FF1B-4371406A9AB4}.Debug|Any CPU.ActiveCfg = Debug|Any CPU
		{A5BB738B-2F54-2FA5-FF1B-4371406A9AB4}.Debug|Any CPU.Build.0 = Debug|Any CPU
		{A5BB738B-2F54-2FA5-FF1B-4371406A9AB4}.Release|Any CPU.ActiveCfg = Release|Any CPU
		{A5BB738B-2F54-2FA5-FF1B-4371406A9AB4}.Release|Any CPU.Build.0 = Release|Any CPU
		{B296E508-E7C8-E265-8EF2-F92F1E3DB5F1}.Debug|Any CPU.ActiveCfg = Debug|Any CPU
		{B296E508-E7C8-E265-8EF2-F92F1E3DB5F1}.Debug|Any CPU.Build.0 = Debug|Any CPU
		{B296E508-E7C8-E265-8EF2-F92F1E3DB5F1}.Release|Any CPU.ActiveCfg = Release|Any CPU
		{B296E508-E7C8-E265-8EF2-F92F1E3DB5F1}.Release|Any CPU.Build.0 = Release|Any CPU
		{E5F22EB6-CC11-7FAB-C653-3C49CD1E437D}.Debug|Any CPU.ActiveCfg = Debug|Any CPU
		{E5F22EB6-CC11-7FAB-C653-3C49CD1E437D}.Debug|Any CPU.Build.0 = Debug|Any CPU
		{E5F22EB6-CC11-7FAB-C653-3C49CD1E437D}.Release|Any CPU.ActiveCfg = Release|Any CPU
		{E5F22EB6-CC11-7FAB-C653-3C49CD1E437D}.Release|Any CPU.Build.0 = Release|Any CPU
		{A4EDB993-5444-EDEB-E3DC-5DF02D5A11B8}.Debug|Any CPU.ActiveCfg = Debug|Any CPU
		{A4EDB993-5444-EDEB-E3DC-5DF02D5A11B8}.Debug|Any CPU.Build.0 = Debug|Any CPU
		{A4EDB993-5444-EDEB-E3DC-5DF02D5A11B8}.Release|Any CPU.ActiveCfg = Release|Any CPU
		{A4EDB993-5444-EDEB-E3DC-5DF02D5A11B8}.Release|Any CPU.Build.0 = Release|Any CPU
		{9383205C-16A3-EFAC-492A-D6099D410245}.Debug|Any CPU.ActiveCfg = Debug|Any CPU
		{9383205C-16A3-EFAC-492A-D6099D410245}.Debug|Any CPU.Build.0 = Debug|Any CPU
		{9383205C-16A3-EFAC-492A-D6099D410245}.Release|Any CPU.ActiveCfg = Release|Any CPU
		{9383205C-16A3-EFAC-492A-D6099D410245}.Release|Any CPU.Build.0 = Release|Any CPU
		{3D159136-8C2F-EB99-45C1-23017569B890}.Debug|Any CPU.ActiveCfg = Debug|Any CPU
		{3D159136-8C2F-EB99-45C1-23017569B890}.Debug|Any CPU.Build.0 = Debug|Any CPU
		{3D159136-8C2F-EB99-45C1-23017569B890}.Release|Any CPU.ActiveCfg = Release|Any CPU
		{3D159136-8C2F-EB99-45C1-23017569B890}.Release|Any CPU.Build.0 = Release|Any CPU
		{F64CF256-854C-ACAD-4B1C-827ADCEAC2D3}.Debug|Any CPU.ActiveCfg = Debug|Any CPU
		{F64CF256-854C-ACAD-4B1C-827ADCEAC2D3}.Debug|Any CPU.Build.0 = Debug|Any CPU
		{F64CF256-854C-ACAD-4B1C-827ADCEAC2D3}.Release|Any CPU.ActiveCfg = Release|Any CPU
		{F64CF256-854C-ACAD-4B1C-827ADCEAC2D3}.Release|Any CPU.Build.0 = Release|Any CPU
		{45BE2070-71E3-9590-8578-BA28457D076D}.Debug|Any CPU.ActiveCfg = Debug|Any CPU
		{45BE2070-71E3-9590-8578-BA28457D076D}.Debug|Any CPU.Build.0 = Debug|Any CPU
		{45BE2070-71E3-9590-8578-BA28457D076D}.Release|Any CPU.ActiveCfg = Release|Any CPU
		{45BE2070-71E3-9590-8578-BA28457D076D}.Release|Any CPU.Build.0 = Release|Any CPU
		{89E9A4AD-7D6B-621B-4051-1E9DD5F7F2BB}.Debug|Any CPU.ActiveCfg = Debug|Any CPU
		{89E9A4AD-7D6B-621B-4051-1E9DD5F7F2BB}.Debug|Any CPU.Build.0 = Debug|Any CPU
		{89E9A4AD-7D6B-621B-4051-1E9DD5F7F2BB}.Release|Any CPU.ActiveCfg = Release|Any CPU
		{89E9A4AD-7D6B-621B-4051-1E9DD5F7F2BB}.Release|Any CPU.Build.0 = Release|Any CPU
		{52A46A03-A2D6-3765-F8EF-CC4642EFABB6}.Debug|Any CPU.ActiveCfg = Debug|Any CPU
		{52A46A03-A2D6-3765-F8EF-CC4642EFABB6}.Debug|Any CPU.Build.0 = Debug|Any CPU
		{52A46A03-A2D6-3765-F8EF-CC4642EFABB6}.Release|Any CPU.ActiveCfg = Release|Any CPU
		{52A46A03-A2D6-3765-F8EF-CC4642EFABB6}.Release|Any CPU.Build.0 = Release|Any CPU
		{DD6CAA28-9714-98CF-69AD-C91B5EA2972B}.Debug|Any CPU.ActiveCfg = Debug|Any CPU
		{DD6CAA28-9714-98CF-69AD-C91B5EA2972B}.Debug|Any CPU.Build.0 = Debug|Any CPU
		{DD6CAA28-9714-98CF-69AD-C91B5EA2972B}.Release|Any CPU.ActiveCfg = Release|Any CPU
		{DD6CAA28-9714-98CF-69AD-C91B5EA2972B}.Release|Any CPU.Build.0 = Release|Any CPU
		{C88E0D8B-CC57-CACE-776C-A4B8BD2FB751}.Debug|Any CPU.ActiveCfg = Debug|Any CPU
		{C88E0D8B-CC57-CACE-776C-A4B8BD2FB751}.Debug|Any CPU.Build.0 = Debug|Any CPU
		{C88E0D8B-CC57-CACE-776C-A4B8BD2FB751}.Release|Any CPU.ActiveCfg = Release|Any CPU
		{C88E0D8B-CC57-CACE-776C-A4B8BD2FB751}.Release|Any CPU.Build.0 = Release|Any CPU
		{90F11D01-3C5D-9691-230D-054A11B5FD85}.Debug|Any CPU.ActiveCfg = Debug|Any CPU
		{90F11D01-3C5D-9691-230D-054A11B5FD85}.Debug|Any CPU.Build.0 = Debug|Any CPU
		{90F11D01-3C5D-9691-230D-054A11B5FD85}.Release|Any CPU.ActiveCfg = Release|Any CPU
		{90F11D01-3C5D-9691-230D-054A11B5FD85}.Release|Any CPU.Build.0 = Release|Any CPU
		{207E9D28-0732-62FB-1264-F245B77E21D7}.Debug|Any CPU.ActiveCfg = Debug|Any CPU
		{207E9D28-0732-62FB-1264-F245B77E21D7}.Debug|Any CPU.Build.0 = Debug|Any CPU
		{207E9D28-0732-62FB-1264-F245B77E21D7}.Release|Any CPU.ActiveCfg = Release|Any CPU
		{207E9D28-0732-62FB-1264-F245B77E21D7}.Release|Any CPU.Build.0 = Release|Any CPU
		{F9077899-F734-15AD-318A-8FD5FB2BC31F}.Debug|Any CPU.ActiveCfg = Debug|Any CPU
		{F9077899-F734-15AD-318A-8FD5FB2BC31F}.Debug|Any CPU.Build.0 = Debug|Any CPU
		{F9077899-F734-15AD-318A-8FD5FB2BC31F}.Release|Any CPU.ActiveCfg = Release|Any CPU
		{F9077899-F734-15AD-318A-8FD5FB2BC31F}.Release|Any CPU.Build.0 = Release|Any CPU
		{12A25A6D-7855-2BA9-2409-D1E05E7D00DC}.Debug|Any CPU.ActiveCfg = Debug|Any CPU
		{12A25A6D-7855-2BA9-2409-D1E05E7D00DC}.Debug|Any CPU.Build.0 = Debug|Any CPU
		{12A25A6D-7855-2BA9-2409-D1E05E7D00DC}.Release|Any CPU.ActiveCfg = Release|Any CPU
		{12A25A6D-7855-2BA9-2409-D1E05E7D00DC}.Release|Any CPU.Build.0 = Release|Any CPU
		{14A34D84-0AA9-4D43-46F0-ACD4DBDD57A4}.Debug|Any CPU.ActiveCfg = Debug|Any CPU
		{14A34D84-0AA9-4D43-46F0-ACD4DBDD57A4}.Debug|Any CPU.Build.0 = Debug|Any CPU
		{14A34D84-0AA9-4D43-46F0-ACD4DBDD57A4}.Release|Any CPU.ActiveCfg = Release|Any CPU
		{14A34D84-0AA9-4D43-46F0-ACD4DBDD57A4}.Release|Any CPU.Build.0 = Release|Any CPU
		{417D5124-FC52-4E63-3D90-16596AA2293D}.Debug|Any CPU.ActiveCfg = Debug|Any CPU
		{417D5124-FC52-4E63-3D90-16596AA2293D}.Debug|Any CPU.Build.0 = Debug|Any CPU
		{417D5124-FC52-4E63-3D90-16596AA2293D}.Release|Any CPU.ActiveCfg = Release|Any CPU
		{417D5124-FC52-4E63-3D90-16596AA2293D}.Release|Any CPU.Build.0 = Release|Any CPU
		{08E99177-8715-E66B-5AFB-72F87F0E7D1F}.Debug|Any CPU.ActiveCfg = Debug|Any CPU
		{08E99177-8715-E66B-5AFB-72F87F0E7D1F}.Debug|Any CPU.Build.0 = Debug|Any CPU
		{08E99177-8715-E66B-5AFB-72F87F0E7D1F}.Release|Any CPU.ActiveCfg = Release|Any CPU
		{08E99177-8715-E66B-5AFB-72F87F0E7D1F}.Release|Any CPU.Build.0 = Release|Any CPU
		{4A91D50E-0A6F-DFDA-92A3-36CDF7C4D737}.Debug|Any CPU.ActiveCfg = Debug|Any CPU
		{4A91D50E-0A6F-DFDA-92A3-36CDF7C4D737}.Debug|Any CPU.Build.0 = Debug|Any CPU
		{4A91D50E-0A6F-DFDA-92A3-36CDF7C4D737}.Release|Any CPU.ActiveCfg = Release|Any CPU
		{4A91D50E-0A6F-DFDA-92A3-36CDF7C4D737}.Release|Any CPU.Build.0 = Release|Any CPU
	EndGlobalSection
	GlobalSection(SolutionProperties) = preSolution
		HideSolutionNode = FALSE
	EndGlobalSection
EndGlobal
